
Microsoft Visual Studio Solution File, Format Version 12.00
# Visual Studio Version 17
VisualStudioVersion = 17.5.33530.505
MinimumVisualStudioVersion = 10.0.40219.1
Project("{FAE04EC0-301F-11D3-BF4B-00C04F79EFBC}") = "AirportLastJourney", "AirportLastJourney\AirportLastJourney.csproj", "{BB16A0E1-C1AF-43B0-8EE9-42883B4E7407}"
EndProject
Global
	GlobalSection(SolutionConfigurationPlatforms) = preSolution
		Debug|Any CPU = Debug|Any CPU
		Release|Any CPU = Release|Any CPU
	EndGlobalSection
	GlobalSection(ProjectConfigurationPlatforms) = postSolution
		{BB16A0E1-C1AF-43B0-8EE9-42883B4E7407}.Debug|Any CPU.ActiveCfg = Debug|Any CPU
		{BB16A0E1-C1AF-43B0-8EE9-42883B4E7407}.Debug|Any CPU.Build.0 = Debug|Any CPU
		{BB16A0E1-C1AF-43B0-8EE9-42883B4E7407}.Release|Any CPU.ActiveCfg = Release|Any CPU
		{BB16A0E1-C1AF-43B0-8EE9-42883B4E7407}.Release|Any CPU.Build.0 = Release|Any CPU
	EndGlobalSection
	GlobalSection(SolutionProperties) = preSolution
		HideSolutionNode = FALSE
	EndGlobalSection
	GlobalSection(ExtensibilityGlobals) = postSolution
		SolutionGuid = {2368D9A8-F94A-4724-BBF4-A8679259191C}
	EndGlobalSection
EndGlobal
